lockfileVersion: 5.4

importers:

  .:
    specifiers:
      '@types/node': ^18.0.0
      ts-node: ^10.8.1
      typescript: ^4.7.3
    devDependencies:
      '@types/node': 18.0.0
      ts-node: 10.8.1_w7x2tbnlqsjlyiccdck6zsdv74
      typescript: 4.7.3

  projects/core:
    specifiers:
      '@alicloud/arms20190808': ^1.0.1
      '@alicloud/openapi-client': ^0.4.1
      '@alicloud/tea-util': ^1.4.0
    dependencies:
      '@alicloud/arms20190808': 1.0.1
      '@alicloud/openapi-client': 0.4.1
      '@alicloud/tea-util': 1.4.3

  projects/vite-plugin:
    specifiers:
      '@ali-arms-upload-sourcemap/core': 'workspace: *'
      vite: ^2.9.12
    dependencies:
      '@ali-arms-upload-sourcemap/core': link:../core
    devDependencies:
      vite: 2.9.12

  projects/webpack-plugin:
    specifiers:
      '@ali-arms-upload-sourcemap/core': 'workspace: *'
    dependencies:
      '@ali-arms-upload-sourcemap/core': link:../core

packages:

  /@alicloud/arms20190808/1.0.1:
    resolution: {integrity: sha512-RLOU3C7Z89PIziRTPAAPiovynSdToGMSgLKMB4y+3MmIErhEX9G8hgzzikzFElYAHHYuoswkXj/wJgxmc833aw==}
    dependencies:
      '@alicloud/endpoint-util': 0.0.1
      '@alicloud/openapi-client': 0.4.1
      '@alicloud/openapi-util': 0.2.9
      '@alicloud/rpc-client': 1.3.2
      '@alicloud/rpc-util': 0.1.0
      '@alicloud/tea-typescript': 1.7.2
      '@alicloud/tea-util': 1.4.3
    transitivePeerDependencies:
      - supports-color
    dev: false

  /@alicloud/credentials/2.2.3:
    resolution: {integrity: sha512-h98BZimKCQ5xKiFCdWa2OMYaenEP6g5Fndm/l0zp8iuYWOShnvEwBPFmHyHmwpb60KwEJp0LILl1WiBTS+5a1w==}
    dependencies:
      '@alicloud/tea-typescript': 1.7.2
      httpx: 2.2.7
      ini: 1.3.8
      kitx: 2.1.0
    transitivePeerDependencies:
      - supports-color
    dev: false

  /@alicloud/endpoint-util/0.0.1:
    resolution: {integrity: sha512-+pH7/KEXup84cHzIL6UJAaPqETvln4yXlD9JzlrqioyCSaWxbug5FUobsiI6fuUOpw5WwoB3fWAtGbFnJ1K3Yg==}
    dependencies:
      '@alicloud/tea-typescript': 1.7.2
      kitx: 2.1.0
    transitivePeerDependencies:
      - supports-color
    dev: false

  /@alicloud/gateway-spi/0.0.8:
    resolution: {integrity: sha512-KM7fu5asjxZPmrz9sJGHJeSU+cNQNOxW+SFmgmAIrITui5hXL2LB+KNRuzWmlwPjnuA2X3/keq9h6++S9jcV5g==}
    dependencies:
      '@alicloud/credentials': 2.2.3
      '@alicloud/tea-typescript': 1.7.2
    transitivePeerDependencies:
      - supports-color
    dev: false

  /@alicloud/openapi-client/0.4.1:
    resolution: {integrity: sha512-FNGQ9kmGi0AuNFX9yj7DDbMn8CB4TvihIIQ3ONNhLZF8Hj2asau7NiqVoftJX3F/JFq9qzJWeVbvboSM9Zq5kA==}
    dependencies:
      '@alicloud/credentials': 2.2.3
      '@alicloud/gateway-spi': 0.0.8
      '@alicloud/openapi-util': 0.2.9
      '@alicloud/tea-typescript': 1.7.2
      '@alicloud/tea-util': 1.4.3
    transitivePeerDependencies:
      - supports-color
    dev: false

  /@alicloud/openapi-util/0.2.9:
    resolution: {integrity: sha512-GUEYtX3lDv+WaZoDFCb0h9aZ8+IlajnSAxSHjiITbNtjCpZbA/vfd7Z/ST9YaPoT34nGqDNKiQTjqpLhaKtYBw==}
    dependencies:
      '@alicloud/tea-typescript': 1.7.2
      '@alicloud/tea-util': 1.4.3
      kitx: 2.1.0
      sm3: 1.0.3
    transitivePeerDependencies:
      - supports-color
    dev: false

  /@alicloud/rpc-client/1.3.2:
    resolution: {integrity: sha512-PjgkPXtgDyb0m+BJMaEU/2rOvjUVBqhemqrMhNW0vYKYGlyfdEOVfrHVieqkLe8lxvFGy6gD1PpvAjeEMUXfsA==}
    dependencies:
      '@alicloud/credentials': 2.2.3
      '@alicloud/rpc-util': 0.1.0
      '@alicloud/tea-typescript': 1.7.2
      '@alicloud/tea-util': 1.4.3
    transitivePeerDependencies:
      - supports-color
    dev: false

  /@alicloud/rpc-util/0.1.0:
    resolution: {integrity: sha512-0J+OcSycsfJvX1SpqaGqVHE7lbCFsk2PwdkZUOrWfbqMYcQjCe/Kp/DfwqcTMkYhWmiV48Esfog8XNLEB34zUg==}
    dependencies:
      '@alicloud/tea-typescript': 1.7.2
      '@types/xml2js': 0.4.11
      kitx: 2.1.0
      xml2js: 0.4.23
    transitivePeerDependencies:
      - supports-color
    dev: false

  /@alicloud/tea-typescript/1.7.2:
    resolution: {integrity: sha512-vDOU6qUp9ZAGlHSLC7lqVLgxUbmkcDXTEXyiIipvPWcq7dqwDDO6SeLlU7nBYI+yYWpbfOazEGkMTlHMhvA5Tw==}
    dependencies:
      '@types/node': 12.20.55
      httpx: 2.2.7
    transitivePeerDependencies:
      - supports-color
    dev: false

  /@alicloud/tea-util/1.4.3:
    resolution: {integrity: sha512-8bYzfn+hmzp8L1tkfOX7XNqOOc57i23EAVe09SvM/DasySTtBFdONkDV+EtHzROohBI1zpbE61EFD8jGThg1OA==}
    dependencies:
      '@alicloud/tea-typescript': 1.7.2
      kitx: 2.1.0
    transitivePeerDependencies:
      - supports-color
    dev: false

  /@cspotcode/source-map-support/0.8.1:
    resolution: {integrity: sha512-IchNf6dN4tHoMFIn/7OE8LWZ19Y6q/67Bmf6vnGREv8RSbBVb9LPJxEcnwrcwX6ixSvaiGoomAUvu4YSxXrVgw==}
    engines: {node: '>=12'}
    dependencies:
      '@jridgewell/trace-mapping': 0.3.9
    dev: true

  /@jridgewell/resolve-uri/3.0.7:
    resolution: {integrity: sha512-8cXDaBBHOr2pQ7j77Y6Vp5VDT2sIqWyWQ56TjEq4ih/a4iST3dItRe8Q9fp0rrIl9DoKhWQtUQz/YpOxLkXbNA==}
    engines: {node: '>=6.0.0'}
    dev: true

  /@jridgewell/sourcemap-codec/1.4.13:
    resolution: {integrity: sha512-GryiOJmNcWbovBxTfZSF71V/mXbgcV3MewDe3kIMCLyIh5e7SKAeUZs+rMnJ8jkMolZ/4/VsdBmMrw3l+VdZ3w==}
    dev: true

  /@jridgewell/trace-mapping/0.3.9:
    resolution: {integrity: sha512-3Belt6tdc8bPgAtbcmdtNJlirVoTmEb5e2gC94PnkwEW9jI6CAHUeoG85tjWP5WquqfavoMtMwiG4P926ZKKuQ==}
    dependencies:
      '@jridgewell/resolve-uri': 3.0.7
      '@jridgewell/sourcemap-codec': 1.4.13
    dev: true

  /@tsconfig/node10/1.0.9:
    resolution: {integrity: sha512-jNsYVVxU8v5g43Erja32laIDHXeoNvFEpX33OK4d6hljo3jDhCBDhx5dhCCTMWUojscpAagGiRkBKxpdl9fxqA==}
    dev: true

  /@tsconfig/node12/1.0.10:
    resolution: {integrity: sha512-N+srakvPaYMGkwjNDx3ASx65Zl3QG8dJgVtIB+YMOkucU+zctlv/hdP5250VKdDHSDoW9PFZoCqbqNcAPjCjXA==}
    dev: true

  /@tsconfig/node14/1.0.2:
    resolution: {integrity: sha512-YwrUA5ysDXHFYfL0Xed9x3sNS4P+aKlCOnnbqUa2E5HdQshHFleCJVrj1PlGTb4GgFUCDyte1v3JWLy2sz8Oqg==}
    dev: true

  /@tsconfig/node16/1.0.3:
    resolution: {integrity: sha512-yOlFc+7UtL/89t2ZhjPvvB/DeAr3r+Dq58IgzsFkOAvVC6NMJXmCGjbptdXdR9qsX7pKcTL+s87FtYREi2dEEQ==}
    dev: true

  /@types/node/12.20.55:
    resolution: {integrity: sha512-J8xLz7q2OFulZ2cyGTLE1TbbZcjpno7FaN6zdJNrgAdrJ+DZzh/uFR6YrTb4C+nXakvud8Q4+rbhoIWlYQbUFQ==}
    dev: false

  /@types/node/14.18.21:
    resolution: {integrity: sha512-x5W9s+8P4XteaxT/jKF0PSb7XEvo5VmqEWgsMlyeY4ZlLK8I6aH6g5TPPyDlLAep+GYf4kefb7HFyc7PAO3m+Q==}
    dev: false

  /@types/node/18.0.0:
    resolution: {integrity: sha512-cHlGmko4gWLVI27cGJntjs/Sj8th9aYwplmZFwmmgYQQvL5NUsgVJG7OddLvNfLqYS31KFN0s3qlaD9qCaxACA==}

  /@types/xml2js/0.4.11:
    resolution: {integrity: sha512-JdigeAKmCyoJUiQljjr7tQG3if9NkqGUgwEUqBvV0N7LM4HyQk7UXCnusRa1lnvXAEYJ8mw8GtZWioagNztOwA==}
    dependencies:
      '@types/node': 18.0.0
    dev: false

  /acorn-walk/8.2.0:
    resolution: {integrity: sha512-k+iyHEuPgSw6SbuDpGQM+06HQUa04DZ3o+F6CSzXMvvI5KMvnaEqXe+YVe555R9nn6GPt404fos4wcgpw12SDA==}
    engines: {node: '>=0.4.0'}
    dev: true

  /acorn/8.7.1:
    resolution: {integrity: sha512-Xx54uLJQZ19lKygFXOWsscKUbsBZW0CPykPhVQdhIeIwrbPmJzqeASDInc8nKBnp/JT6igTs82qPXz069H8I/A==}
    engines: {node: '>=0.4.0'}
    hasBin: true
    dev: true

  /arg/4.1.3:
    resolution: {integrity: sha512-58S9QDqG0Xx27YwPSt9fJxivjYl432YCwfDMfZ+71RAqUrZef7LrKQZ3LHLOwCS4FLNBplP533Zx895SeOCHvA==}
    dev: true

  /create-require/1.1.1:
    resolution: {integrity: sha512-dcKFX3jn0MpIaXjisoRvexIJVEKzaq7z2rZKxf+MSr9TkdmHmsU4m2lcLojrj/FHl8mk5VxMmYA+ftRkP/3oKQ==}
    dev: true

  /debug/4.3.4:
    resolution: {integrity: sha512-PRWFHuSU3eDtQJPvnNY7Jcket1j0t5OuOsFzPPzsekD52Zl8qUfFIPEiswXqIvHWGVHOgX+7G/vCNNhehwxfkQ==}
    engines: {node: '>=6.0'}
    peerDependencies:
      supports-color: '*'
    peerDependenciesMeta:
      supports-color:
        optional: true
    dependencies:
      ms: 2.1.2
    dev: false

  /diff/4.0.2:
    resolution: {integrity: sha512-58lmxKSA4BNyLz+HHMUzlOEpg09FV+ev6ZMe3vJihgdxzgcwZ8VoEEPmALCZG9LmqfVoNMMKpttIYTVG6uDY7A==}
    engines: {node: '>=0.3.1'}
    dev: true

  /esbuild-android-64/0.14.44:
    resolution: {integrity: sha512-dFPHBXmx385zuJULAD/Cmq/LyPRXiAWbf9ylZtY0wJ8iVyWfKYaCYxeJx8OAZUuj46ZwNa7MzW2GBAQLOeiemg==}
    engines: {node: '>=12'}
    cpu: [x64]
    os: [android]
    requiresBuild: true
    dev: true
    optional: true

  /esbuild-android-arm64/0.14.44:
    resolution: {integrity: sha512-qqaqqyxHXjZ/0ddKU3I3Nb7lAvVM69ELMhb8+91FyomAUmQPlHtxe+TTiWxXGHE72XEzcgTEGq4VauqLNkN22g==}
    engines: {node: '>=12'}
    cpu: [arm64]
    os: [android]
    requiresBuild: true
    dev: true
    optional: true

  /esbuild-darwin-64/0.14.44:
    resolution: {integrity: sha512-RBmtGKGY06+AW6IOJ1LE/dEeF7HH34C1/Ces9FSitU4bIbIpL4KEuQpTFoxwb4ry5s2hyw7vbPhhtyOd18FH9g==}
    engines: {node: '>=12'}
    cpu: [x64]
    os: [darwin]
    requiresBuild: true
    dev: true
    optional: true

  /esbuild-darwin-arm64/0.14.44:
    resolution: {integrity: sha512-Bmhx5Cfo4Hdb7WyyyDupTB8HPmnFZ8baLfPlzLdYvF6OzsIbV+CY+m/AWf0OQvY40BlkzCLJ/7Lfwbb71Tngmg==}
    engines: {node: '>=12'}
    cpu: [arm64]
    os: [darwin]
    requiresBuild: true
    dev: true
    optional: true

  /esbuild-freebsd-64/0.14.44:
    resolution: {integrity: sha512-O4HpWa5ZgxbNPQTF7URicLzYa+TidGlmGT/RAC3GjbGEQQYkd0R1Slyh69Yrmb2qmcOcPAgWHbNo1UhK4WmZ4w==}
    engines: {node: '>=12'}
    cpu: [x64]
    os: [freebsd]
    requiresBuild: true
    dev: true
    optional: true

  /esbuild-freebsd-arm64/0.14.44:
    resolution: {integrity: sha512-f0/jkAKccnDY7mg1F9l/AMzEm+VXWXK6c3IrOEmd13jyKfpTZKTIlt+yI04THPDCDZTzXHTRUBLozqp+m8Mg5Q==}
    engines: {node: '>=12'}
    cpu: [arm64]
    os: [freebsd]
    requiresBuild: true
    dev: true
    optional: true

  /esbuild-linux-32/0.14.44:
    resolution: {integrity: sha512-WSIhzLldMR7YUoEL7Ix319tC+NFmW9Pu7NgFWxUfOXeWsT0Wg484hm6bNgs7+oY2pGzg715y/Wrqi1uNOMmZJw==}
    engines: {node: '>=12'}
    cpu: [ia32]
    os: [linux]
    requiresBuild: true
    dev: true
    optional: true

  /esbuild-linux-64/0.14.44:
    resolution: {integrity: sha512-zgscTrCMcRZRIsVugqBTP/B5lPLNchBlWjQ8sQq2Epnv+UDtYKgXEq1ctWAmibZNy2E9QRCItKMeIEqeTUT5kA==}
    engines: {node: '>=12'}
    cpu: [x64]
    os: [linux]
    requiresBuild: true
    dev: true
    optional: true

  /esbuild-linux-arm/0.14.44:
    resolution: {integrity: sha512-laPBPwGfsbBxGw6F6jnqic2CPXLyC1bPrmnSOeJ9oEnx1rcKkizd4HWCRUc0xv+l4z/USRfx/sEfYlWSLeqoJQ==}
    engines: {node: '>=12'}
    cpu: [arm]
    os: [linux]
    requiresBuild: true
    dev: true
    optional: true

  /esbuild-linux-arm64/0.14.44:
    resolution: {integrity: sha512-H0H/2/wgiScTwBve/JR8/o+Zhabx5KPk8T2mkYZFKQGl1hpUgC+AOmRyqy/Js3p66Wim4F4Akv3I3sJA1sKg0w==}
    engines: {node: '>=12'}
    cpu: [arm64]
    os: [linux]
    requiresBuild: true
    dev: true
    optional: true

  /esbuild-linux-mips64le/0.14.44:
    resolution: {integrity: sha512-ri3Okw0aleYy7o5n9zlIq+FCtq3tcMlctN6X1H1ucILjBJuH8pan2trJPKWeb8ppntFvE28I9eEXhwkWh6wYKg==}
    engines: {node: '>=12'}
    cpu: [mips64el]
    os: [linux]
    requiresBuild: true
    dev: true
    optional: true

  /esbuild-linux-ppc64le/0.14.44:
    resolution: {integrity: sha512-96TqL/MvFRuIVXz+GtCIXzRQ43ZwEk4XTn0RWUNJduXXMDQ/V1iOV28U6x6Oe3NesK4xkoKSaK2+F3VHcU8ZrA==}
    engines: {node: '>=12'}
    cpu: [ppc64]
    os: [linux]
    requiresBuild: true
    dev: true
    optional: true

  /esbuild-linux-riscv64/0.14.44:
    resolution: {integrity: sha512-rrK9qEp2M8dhilsPn4T9gxUsAumkITc1kqYbpyNMr9EWo+J5ZBj04n3GYldULrcCw4ZCHAJ+qPjqr8b6kG2inA==}
    engines: {node: '>=12'}
    cpu: [riscv64]
    os: [linux]
    requiresBuild: true
    dev: true
    optional: true

  /esbuild-linux-s390x/0.14.44:
    resolution: {integrity: sha512-2YmTm9BrW5aUwBSe8wIEARd9EcnOQmkHp4+IVaO09Ez/C5T866x+ABzhG0bwx0b+QRo9q97CRMaQx2Ngb6/hfw==}
    engines: {node: '>=12'}
    cpu: [s390x]
    os: [linux]
    requiresBuild: true
    dev: true
    optional: true

  /esbuild-netbsd-64/0.14.44:
    resolution: {integrity: sha512-zypdzPmZTCqYS30WHxbcvtC0E6e/ECvl4WueUdbdWhs2dfWJt5RtCBME664EpTznixR3lSN1MQ2NhwQF8MQryw==}
    engines: {node: '>=12'}
    cpu: [x64]
    os: [netbsd]
    requiresBuild: true
    dev: true
    optional: true

  /esbuild-openbsd-64/0.14.44:
    resolution: {integrity: sha512-8J43ab9ByYl7KteC03HGQjr2HY1ge7sN04lFnwMFWYk2NCn8IuaeeThvLeNjzOYhyT3I6K8puJP0uVXUu+D1xw==}
    engines: {node: '>=12'}
    cpu: [x64]
    os: [openbsd]
    requiresBuild: true
    dev: true
    optional: true

  /esbuild-sunos-64/0.14.44:
    resolution: {integrity: sha512-OH1/09CGUJwffA+HNM6mqPkSIyHVC3ZnURU/4CCIx7IqWUBn1Sh1HRLQC8/TWNgcs0/1u7ygnc2pgf/AHZJ/Ow==}
    engines: {node: '>=12'}
    cpu: [x64]
    os: [sunos]
    requiresBuild: true
    dev: true
    optional: true

  /esbuild-windows-32/0.14.44:
    resolution: {integrity: sha512-mCAOL9/rRqwfOfxTu2sjq/eAIs7eAXGiU6sPBnowggI7QS953Iq6o3/uDu010LwfN7zr18c/lEj6/PTwwTB3AA==}
    engines: {node: '>=12'}
    cpu: [ia32]
    os: [win32]
    requiresBuild: true
    dev: true
    optional: true

  /esbuild-windows-64/0.14.44:
    resolution: {integrity: sha512-AG6BH3+YG0s2Q/IfB1cm68FdyFnoE1P+GFbmgFO3tA4UIP8+BKsmKGGZ5I3+ZjcnzOwvT74bQRVrfnQow2KO5Q==}
    engines: {node: '>=12'}
    cpu: [x64]
    os: [win32]
    requiresBuild: true
    dev: true
    optional: true

  /esbuild-windows-arm64/0.14.44:
    resolution: {integrity: sha512-ygYPfYE5By4Sd6szsNr10B0RtWVNOSGmZABSaj4YQBLqh9b9i45VAjVWa8tyIy+UAbKF7WGwybi2wTbSVliO8A==}
    engines: {node: '>=12'}
    cpu: [arm64]
    os: [win32]
    requiresBuild: true
    dev: true
    optional: true

  /esbuild/0.14.44:
    resolution: {integrity: sha512-Rn+lRRfj60r/3svI6NgAVnetzp3vMOj17BThuhshSj/gS1LR03xrjkDYyfPmrYG/0c3D68rC6FNYMQ3yRbiXeQ==}
    engines: {node: '>=12'}
    hasBin: true
    requiresBuild: true
    optionalDependencies:
      esbuild-android-64: 0.14.44
      esbuild-android-arm64: 0.14.44
      esbuild-darwin-64: 0.14.44
      esbuild-darwin-arm64: 0.14.44
      esbuild-freebsd-64: 0.14.44
      esbuild-freebsd-arm64: 0.14.44
      esbuild-linux-32: 0.14.44
      esbuild-linux-64: 0.14.44
      esbuild-linux-arm: 0.14.44
      esbuild-linux-arm64: 0.14.44
      esbuild-linux-mips64le: 0.14.44
      esbuild-linux-ppc64le: 0.14.44
      esbuild-linux-riscv64: 0.14.44
      esbuild-linux-s390x: 0.14.44
      esbuild-netbsd-64: 0.14.44
      esbuild-openbsd-64: 0.14.44
      esbuild-sunos-64: 0.14.44
      esbuild-windows-32: 0.14.44
      esbuild-windows-64: 0.14.44
      esbuild-windows-arm64: 0.14.44
    dev: true

  /fsevents/2.3.2:
    resolution: {integrity: sha512-xiqMQR4xAeHTuB9uWm+fFRcIOgKBMiOBP+eXiyT7jsgVCq1bkVygt00oASowB7EdtpOHaaPgKt812P9ab+DDKA==}
    engines: {node: ^8.16.0 || ^10.6.0 || >=11.0.0}
    os: [darwin]
    requiresBuild: true
    dev: true
    optional: true

  /function-bind/1.1.1:
    resolution: {integrity: sha512-yIovAzMX49sF8Yl58fSCWJ5svSLuaibPxXQJFLmBObTuCr0Mf1KiPopGM9NiFjiYBCbfaa2Fh6breQ6ANVTI0A==}
    dev: true

  /has/1.0.3:
    resolution: {integrity: sha512-f2dvO0VU6Oej7RkWJGrehjbzMAjFp5/VKPp5tTpWIV4JHHZK1/BxbFRtf/siA2SWTe09caDmVtYYzWEIbBS4zw==}
    engines: {node: '>= 0.4.0'}
    dependencies:
      function-bind: 1.1.1
    dev: true

  /httpx/2.2.7:
    resolution: {integrity: sha512-Wjh2JOAah0pdczfqL8NC5378G7jMt0Zcpn8U+yyxAiejjlagzSTQgJHuVvka2VNPQlKfoGehYRc79WKq9E4gDw==}
    dependencies:
      '@types/node': 14.18.21
      debug: 4.3.4
    transitivePeerDependencies:
      - supports-color
    dev: false

  /ini/1.3.8:
    resolution: {integrity: sha512-JV/yugV2uzW5iMRSiZAyDtQd+nxtUnjeLt0acNdw98kKLrvuRVyB80tsREOE7yvGVgalhZ6RNXCmEHkUKBKxew==}
    dev: false

  /is-core-module/2.9.0:
    resolution: {integrity: sha512-+5FPy5PnwmO3lvfMb0AsoPaBG+5KHUI0wYFXOtYPnVVVspTFUuMZNfNaNVRt3FZadstu2c8x23vykRW/NBoU6A==}
    dependencies:
      has: 1.0.3
    dev: true

  /kitx/2.1.0:
    resolution: {integrity: sha512-C/5v9MtIX7aHGOjwn5BmrrbNkJSf7i0R5mRzmh13GSAdRqQ7bYQo/Su2pTYNylFicqKNTVX3HML9k1u8k51+pQ==}
    dependencies:
      '@types/node': 12.20.55
    dev: false

  /make-error/1.3.6:
    resolution: {integrity: sha512-s8UhlNe7vPKomQhC1qFelMokr/Sc3AgNbso3n74mVPA5LTZwkB9NlXf4XPamLxJE8h0gh73rM94xvwRT2CVInw==}
    dev: true

  /ms/2.1.2:
    resolution: {integrity: sha512-sGkPx+VjMtmA6MX27oA4FBFELFCZZ4S4XqeGOXCv68tT+jb3vk/RyaKWP0PTKyWtmLSM0b+adUTEvbs1PEaH2w==}
    dev: false

  /nanoid/3.3.4:
    resolution: {integrity: sha512-MqBkQh/OHTS2egovRtLk45wEyNXwF+cokD+1YPf9u5VfJiRdAiRwB2froX5Co9Rh20xs4siNPm8naNotSD6RBw==}
    engines: {node: ^10 || ^12 || ^13.7 || ^14 || >=15.0.1}
    hasBin: true
    dev: true

  /path-parse/1.0.7:
    resolution: {integrity: sha512-LDJzPVEEEPR+y48z93A0Ed0yXb8pAByGWo/k5YYdYgpY2/2EsOsksJrq7lOHxryrVOn1ejG6oAp8ahvOIQD8sw==}
    dev: true

  /picocolors/1.0.0:
    resolution: {integrity: sha512-1fygroTLlHu66zi26VoTDv8yRgm0Fccecssto+MhsZ0D/DGW2sm8E8AjW7NU5VVTRt5GxbeZ5qBuJr+HyLYkjQ==}
    dev: true

  /postcss/8.4.14:
    resolution: {integrity: sha512-E398TUmfAYFPBSdzgeieK2Y1+1cpdxJx8yXbK/m57nRhKSmk1GB2tO4lbLBtlkfPQTDKfe4Xqv1ASWPpayPEig==}
    engines: {node: ^10 || ^12 || >=14}
    dependencies:
      nanoid: 3.3.4
      picocolors: 1.0.0
      source-map-js: 1.0.2
    dev: true

  /resolve/1.22.0:
    resolution: {integrity: sha512-Hhtrw0nLeSrFQ7phPp4OOcVjLPIeMnRlr5mcnVuMe7M/7eBn98A3hmFRLoFo3DLZkivSYwhRUJTyPyWAk56WLw==}
    hasBin: true
    dependencies:
      is-core-module: 2.9.0
      path-parse: 1.0.7
      supports-preserve-symlinks-flag: 1.0.0
    dev: true

  /rollup/2.75.6:
    resolution: {integrity: sha512-OEf0TgpC9vU6WGROJIk1JA3LR5vk/yvqlzxqdrE2CzzXnqKXNzbAwlWUXis8RS3ZPe7LAq+YUxsRa0l3r27MLA==}
    engines: {node: '>=10.0.0'}
    hasBin: true
    optionalDependencies:
      fsevents: 2.3.2
    dev: true

  /sax/1.2.4:
    resolution: {integrity: sha512-NqVDv9TpANUjFm0N8uM5GxL36UgKi9/atZw+x7YFnQ8ckwFGKrl4xX4yWtrey3UJm5nP1kUbnYgLopqWNSRhWw==}
    dev: false

  /sm3/1.0.3:
    resolution: {integrity: sha512-KyFkIfr8QBlFG3uc3NaljaXdYcsbRy1KrSfc4tsQV8jW68jAktGeOcifu530Vx/5LC+PULHT0Rv8LiI8Gw+c1g==}
    dev: false

  /source-map-js/1.0.2:
    resolution: {integrity: sha512-R0XvVJ9WusLiqTCEiGCmICCMplcCkIwwR11mOSD9CR5u+IXYdiseeEuXCVAjS54zqwkLcPNnmU4OeJ6tUrWhDw==}
    engines: {node: '>=0.10.0'}
    dev: true

  /supports-preserve-symlinks-flag/1.0.0:
    resolution: {integrity: sha512-ot0WnXS9fgdkgIcePe6RHNk1WA8+muPa6cSjeR3V8K27q9BB1rTE3R1p7Hv0z1ZyAc8s6Vvv8DIyWf681MAt0w==}
    engines: {node: '>= 0.4'}
    dev: true

  /ts-node/10.8.1_w7x2tbnlqsjlyiccdck6zsdv74:
    resolution: {integrity: sha512-Wwsnao4DQoJsN034wePSg5nZiw4YKXf56mPIAeD6wVmiv+RytNSWqc2f3fKvcUoV+Yn2+yocD71VOfQHbmVX4g==}
    hasBin: true
    peerDependencies:
      '@swc/core': '>=1.2.50'
      '@swc/wasm': '>=1.2.50'
      '@types/node': '*'
      typescript: '>=2.7'
    peerDependenciesMeta:
      '@swc/core':
        optional: true
      '@swc/wasm':
        optional: true
    dependencies:
      '@cspotcode/source-map-support': 0.8.1
      '@tsconfig/node10': 1.0.9
      '@tsconfig/node12': 1.0.10
      '@tsconfig/node14': 1.0.2
      '@tsconfig/node16': 1.0.3
      '@types/node': 18.0.0
      acorn: 8.7.1
      acorn-walk: 8.2.0
      arg: 4.1.3
      create-require: 1.1.1
      diff: 4.0.2
      make-error: 1.3.6
      typescript: 4.7.3
      v8-compile-cache-lib: 3.0.1
      yn: 3.1.1
    dev: true

  /typescript/4.7.3:
    resolution: {integrity: sha512-WOkT3XYvrpXx4vMMqlD+8R8R37fZkjyLGlxavMc4iB8lrl8L0DeTcHbYgw/v0N/z9wAFsgBhcsF0ruoySS22mA==}
    engines: {node: '>=4.2.0'}
    hasBin: true
    dev: true

  /v8-compile-cache-lib/3.0.1:
    resolution: {integrity: sha512-wa7YjyUGfNZngI/vtK0UHAN+lgDCxBPCylVXGp0zu59Fz5aiGtNXaq3DhIov063MorB+VfufLh3JlF2KdTK3xg==}
    dev: true

  /vite/2.9.12:
    resolution: {integrity: sha512-suxC36dQo9Rq1qMB2qiRorNJtJAdxguu5TMvBHOc/F370KvqAe9t48vYp+/TbPKRNrMh/J55tOUmkuIqstZaew==}
    engines: {node: '>=12.2.0'}
    hasBin: true
    peerDependencies:
      less: '*'
      sass: '*'
      stylus: '*'
    peerDependenciesMeta:
      less:
        optional: true
      sass:
        optional: true
      stylus:
        optional: true
    dependencies:
      esbuild: 0.14.44
      postcss: 8.4.14
      resolve: 1.22.0
      rollup: 2.75.6
    optionalDependencies:
      fsevents: 2.3.2
    dev: true

  /xml2js/0.4.23:
    resolution: {integrity: sha512-ySPiMjM0+pLDftHgXY4By0uswI3SPKLDw/i3UXbnO8M/p28zqexCUoPmQFrYD+/1BzhGJSs2i1ERWKJAtiLrug==}
    engines: {node: '>=4.0.0'}
    dependencies:
      sax: 1.2.4
      xmlbuilder: 11.0.1
    dev: false

  /xmlbuilder/11.0.1:
    resolution: {integrity: sha512-fDlsI/kFEx7gLvbecc0/ohLG50fugQp8ryHzMTuW9vSa1GJ0XYWKnhsUx7oie3G98+r56aTQIUB4kht42R3JvA==}
    engines: {node: '>=4.0'}
    dev: false

  /yn/3.1.1:
    resolution: {integrity: sha512-Ux4ygGWsu2c7isFWe8Yu1YluJmqVhxqK2cLXNQA5AcC3QfbGNpM7fu0Y8b/z16pXLnFxZYvWhd3fhBY9DLmC6Q==}
    engines: {node: '>=6'}
    dev: true
